
Microsoft Visual Studio Solution File, Format Version 12.00
# Visual Studio Version 17
VisualStudioVersion = 17.2.32630.192
MinimumVisualStudioVersion = 10.0.40219.1
Project("{FAE04EC0-301F-11D3-BF4B-00C04F79EFBC}") = "Airport", "Airoport\Airport.csproj", "{455A2E21-0655-4D1F-9D6F-D58BEB623104}"
EndProject
Global
	GlobalSection(SolutionConfigurationPlatforms) = preSolution
		Debug|Any CPU = Debug|Any CPU
		Release|Any CPU = Release|Any CPU
	EndGlobalSection
	GlobalSection(ProjectConfigurationPlatforms) = postSolution
		{455A2E21-0655-4D1F-9D6F-D58BEB623104}.Debug|Any CPU.ActiveCfg = Debug|Any CPU
		{455A2E21-0655-4D1F-9D6F-D58BEB623104}.Debug|Any CPU.Build.0 = Debug|Any CPU
		{455A2E21-0655-4D1F-9D6F-D58BEB623104}.Release|Any CPU.ActiveCfg = Release|Any CPU
		{455A2E21-0655-4D1F-9D6F-D58BEB623104}.Release|Any CPU.Build.0 = Release|Any CPU
	EndGlobalSection
	GlobalSection(SolutionProperties) = preSolution
		HideSolutionNode = FALSE
	EndGlobalSection
	GlobalSection(ExtensibilityGlobals) = postSolution
		SolutionGuid = {6C3DAAB7-9A01-4A93-BF1B-BB01E59D2CDF}
	EndGlobalSection
EndGlobal
